<?xml version="1.0" encoding="utf-8"?>
<Project ToolsVersion="4.0" xmlns="http://schemas.microsoft.com/developer/msbuild/2003">
  <ItemGroup>
    <Filter Include="Source Files">
      <UniqueIdentifier>{4FC737F1-C7A5-4376-A066-2A32D752A2FF}</UniqueIdentifier>
      <Extensions>cpp;c;cc;cxx;def;odl;idl;hpj;bat;asm;asmx</Extensions>
    </Filter>
    <Filter Include="Header Files">
      <UniqueIdentifier>{93995380-89BD-4b04-88EB-625FBE52EBFB}</UniqueIdentifier>
      <Extensions>h;hh;hpp;hxx;hm;inl;inc;xsd</Extensions>
    </Filter>
    <Filter Include="Resource Files">
      <UniqueIdentifier>{67DA6AB6-F800-4c08-8B7A-83BB121AAD01}</UniqueIdentifier>
      <Extensions>rc;ico;cur;bmp;dlg;rc2;rct;bin;rgs;gif;jpg;jpeg;jpe;resx;tiff;tif;png;wav;mfcribbon-ms</Extensions>
    </Filter>
    <Filter Include="Resource Files\Assets">
      <UniqueIdentifier>{6fd6d81e-5c96-49b5-833a-d9b6f2cb0179}</UniqueIdentifier>
    </Filter>
    <Filter Include="Resource Files\Shaders">
      <UniqueIdentifier>{1b5820a6-a443-42cd-b0a8-10f6ca6b6eaf}</UniqueIdentifier>
    </Filter>
    <Filter Include="Header Files\Core">
      <UniqueIdentifier>{5b3092e6-4852-4615-83dc-5c66f2a8b88f}</UniqueIdentifier>
    </Filter>
    <Filter Include="Header Files\Graphics">
      <UniqueIdentifier>{6c15270b-1f72-41cd-95b2-08c057ac0063}</UniqueIdentifier>
    </Filter>
    <Filter Include="Header Files\Graphics\Pipeline State">
      <UniqueIdentifier>{0fdc4394-9e3a-41ab-99f0-7d78af11b085}</UniqueIdentifier>
    </Filter>
    <Filter Include="Header Files\Graphics\Buffers">
      <UniqueIdentifier>{bd3eeed2-4a18-46b9-b810-7ea775120001}</UniqueIdentifier>
    </Filter>
    <Filter Include="Source Files\Core">
      <UniqueIdentifier>{dbd51c30-6362-43f2-99df-039331c31b4e}</UniqueIdentifier>
    </Filter>
    <Filter Include="Source Files\Graphics">
      <UniqueIdentifier>{63c81164-e823-4c26-9a1e-0b6278bdc92d}</UniqueIdentifier>
    </Filter>
    <Filter Include="Source Files\Graphics\Buffers">
      <UniqueIdentifier>{436bd65b-8668-4edd-a587-8c4334806983}</UniqueIdentifier>
    </Filter>
    <Filter Include="Source Files\Graphics\Pipeline State">
      <UniqueIdentifier>{45ca906e-9299-48c9-93d9-2074691cd6a4}</UniqueIdentifier>
    </Filter>
    <Filter Include="Header Files\Scenes">
      <UniqueIdentifier>{a153435f-549c-46dd-ae44-b17e9a8bff02}</UniqueIdentifier>
    </Filter>
    <Filter Include="Source Files\Scenes">
      <UniqueIdentifier>{23165ad3-47d1-4c46-9381-d6826e1d124a}</UniqueIdentifier>
    </Filter>
    <Filter Include="Header Files\Scenes\Scene_Game">
      <UniqueIdentifier>{b1a57684-96d1-470f-817c-4be58e3b5e72}</UniqueIdentifier>
    </Filter>
    <Filter Include="Source Files\Scenes\Scene_Game">
      <UniqueIdentifier>{5a756cfa-f870-40a3-8b12-a39ed6f15d7f}</UniqueIdentifier>
    </Filter>
    <Filter Include="Source Files\Graphics\GfxCore">
      <UniqueIdentifier>{6debd6fe-14bb-4293-b502-7fcb75b640a2}</UniqueIdentifier>
    </Filter>
    <Filter Include="Header Files\Graphics\GfxCore">
      <UniqueIdentifier>{62895036-b0db-41f0-ad87-61863843d341}</UniqueIdentifier>
    </Filter>
  </ItemGroup>
  <ItemGroup>
    <ClCompile Include="cl_Game.cpp">
      <Filter>Source Files\Core</Filter>
    </ClCompile>
    <ClCompile Include="cl_Timer.cpp">
      <Filter>Source Files\Core</Filter>
    </ClCompile>
    <ClCompile Include="cl_Window.cpp">
      <Filter>Source Files\Core</Filter>
    </ClCompile>
    <ClCompile Include="ns_Utility.cpp">
      <Filter>Source Files\Core</Filter>
    </ClCompile>
    <ClCompile Include="vcl_Scene.cpp">
      <Filter>Source Files\Core</Filter>
    </ClCompile>
    <ClCompile Include="cl_StaticVertexBuffer.cpp">
      <Filter>Source Files\Graphics\Buffers</Filter>
    </ClCompile>
    <ClCompile Include="cl_IndexBuffer.cpp">
      <Filter>Source Files\Graphics\Buffers</Filter>
    </ClCompile>
    <ClCompile Include="cl_DomainShader.cpp">
      <Filter>Source Files\Graphics\Pipeline State</Filter>
    </ClCompile>
    <ClCompile Include="cl_GeometryShader.cpp">
      <Filter>Source Files\Graphics\Pipeline State</Filter>
    </ClCompile>
    <ClCompile Include="cl_HullShader.cpp">
      <Filter>Source Files\Graphics\Pipeline State</Filter>
    </ClCompile>
    <ClCompile Include="cl_PixelShader.cpp">
      <Filter>Source Files\Graphics\Pipeline State</Filter>
    </ClCompile>
    <ClCompile Include="cl_RasterizerState.cpp">
      <Filter>Source Files\Graphics\Pipeline State</Filter>
    </ClCompile>
    <ClCompile Include="cl_VertexShader.cpp">
      <Filter>Source Files\Graphics\Pipeline State</Filter>
    </ClCompile>
    <ClCompile Include="st_ShaderSet.cpp">
      <Filter>Source Files\Graphics\Pipeline State</Filter>
    </ClCompile>
    <ClCompile Include="cl_Input.cpp">
      <Filter>Source Files\Core</Filter>
    </ClCompile>
    <ClCompile Include="Scene_Game.cpp">
      <Filter>Source Files\Scenes\Scene_Game</Filter>
    </ClCompile>
    <ClCompile Include="cl_Font.cpp">
      <Filter>Source Files\Graphics</Filter>
    </ClCompile>
    <ClCompile Include="cl_Texture.cpp">
      <Filter>Source Files\Graphics</Filter>
    </ClCompile>
    <ClCompile Include="st_ColorF.cpp">
      <Filter>Source Files\Graphics</Filter>
    </ClCompile>
    <ClCompile Include="cl_Camera.cpp">
      <Filter>Source Files\Graphics</Filter>
    </ClCompile>
    <ClCompile Include="cl_Transform.cpp">
      <Filter>Source Files\Graphics</Filter>
    </ClCompile>
    <ClCompile Include="cl_Graphics.cpp">
      <Filter>Source Files\Graphics\GfxCore</Filter>
    </ClCompile>
    <ClCompile Include="cl_GfxFactory.cpp">
      <Filter>Source Files\Graphics\GfxCore</Filter>
    </ClCompile>
    <ClCompile Include="cl_ImageLoader.cpp">
      <Filter>Source Files\Graphics\GfxCore</Filter>
    </ClCompile>
    <ClCompile Include="main.cpp">
      <Filter>Source Files\Core</Filter>
    </ClCompile>
  </ItemGroup>
  <ItemGroup>
    <ClInclude Include="cl_DomainShader.h">
      <Filter>Header Files\Graphics\Pipeline State</Filter>
    </ClInclude>
    <ClInclude Include="cl_GeometryShader.h">
      <Filter>Header Files\Graphics\Pipeline State</Filter>
    </ClInclude>
    <ClInclude Include="cl_HullShader.h">
      <Filter>Header Files\Graphics\Pipeline State</Filter>
    </ClInclude>
    <ClInclude Include="cl_PixelShader.h">
      <Filter>Header Files\Graphics\Pipeline State</Filter>
    </ClInclude>
    <ClInclude Include="cl_VertexShader.h">
      <Filter>Header Files\Graphics\Pipeline State</Filter>
    </ClInclude>
    <ClInclude Include="cl_RasterizerState.h">
      <Filter>Header Files\Graphics\Pipeline State</Filter>
    </ClInclude>
    <ClInclude Include="st_ShaderSet.h">
      <Filter>Header Files\Graphics\Pipeline State</Filter>
    </ClInclude>
    <ClInclude Include="cl_StaticVertexBuffer.h">
      <Filter>Header Files\Graphics\Buffers</Filter>
    </ClInclude>
    <ClInclude Include="tcl_ConstantBuffer.h">
      <Filter>Header Files\Graphics\Buffers</Filter>
    </ClInclude>
    <ClInclude Include="tcl_DynamicVertexBuffer.h">
      <Filter>Header Files\Graphics\Buffers</Filter>
    </ClInclude>
    <ClInclude Include="cl_IndexBuffer.h">
      <Filter>Header Files\Graphics\Buffers</Filter>
    </ClInclude>
    <ClInclude Include="cl_Game.h">
      <Filter>Header Files\Core</Filter>
    </ClInclude>
    <ClInclude Include="cl_Font.h">
      <Filter>Header Files\Graphics</Filter>
    </ClInclude>
    <ClInclude Include="cl_Texture.h">
      <Filter>Header Files\Graphics</Filter>
    </ClInclude>
    <ClInclude Include="cl_Timer.h">
      <Filter>Header Files\Core</Filter>
    </ClInclude>
    <ClInclude Include="cl_Window.h">
      <Filter>Header Files\Core</Filter>
    </ClInclude>
    <ClInclude Include="ns_Utility.h">
      <Filter>Header Files\Core</Filter>
    </ClInclude>
    <ClInclude Include="vcl_Scene.h">
      <Filter>Header Files\Core</Filter>
    </ClInclude>
    <ClInclude Include="st_SharedState.h">
      <Filter>Header Files\Core</Filter>
    </ClInclude>
    <ClInclude Include="st_ColorF.h">
      <Filter>Header Files\Graphics</Filter>
    </ClInclude>
    <ClInclude Include="cl_Input.h">
      <Filter>Header Files\Core</Filter>
    </ClInclude>
    <ClInclude Include="Scene_Game.h">
      <Filter>Header Files\Scenes\Scene_Game</Filter>
    </ClInclude>
    <ClInclude Include="cl_Camera.h">
      <Filter>Header Files\Graphics</Filter>
    </ClInclude>
    <ClInclude Include="cl_Transform.h">
      <Filter>Header Files\Graphics</Filter>
    </ClInclude>
    <ClInclude Include="cl_GfxFactory.h">
      <Filter>Header Files\Graphics\GfxCore</Filter>
    </ClInclude>
    <ClInclude Include="cl_Graphics.h">
      <Filter>Header Files\Graphics\GfxCore</Filter>
    </ClInclude>
    <ClInclude Include="cl_ImageLoader.h">
      <Filter>Header Files\Graphics\GfxCore</Filter>
    </ClInclude>
  </ItemGroup>
  <ItemGroup>
    <None Include="tcl_DynamicVertexBuffer.inl">
      <Filter>Source Files\Graphics\Buffers</Filter>
    </None>
    <None Include="tcl_ConstantBuffer.inl">
      <Filter>Source Files\Graphics\Buffers</Filter>
    </None>
    <None Include="..\Assets\asteroid.mesh">
      <Filter>Resource Files\Assets</Filter>
    </None>
    <None Include="..\Assets\Cupid%27s Revenge.mp3">
      <Filter>Resource Files\Assets</Filter>
    </None>
    <None Include="..\Assets\ProFontWindows.ttf">
      <Filter>Resource Files\Assets</Filter>
    </None>
    <None Include="..\Assets\ProFontWindows-Bold.ttf">
      <Filter>Resource Files\Assets</Filter>
    </None>
    <None Include="..\Assets\checkers.png">
      <Filter>Resource Files\Assets</Filter>
    </None>
    <None Include="..\readme.md">
      <Filter>Resource Files</Filter>
    </None>
    <None Include="..\license.md">
      <Filter>Resource Files</Filter>
    </None>
    <None Include="..\Assets\asteroid_diffuse.png">
      <Filter>Resource Files\Assets</Filter>
    </None>
    <None Include="..\Assets\asteroid_normal.png">
      <Filter>Resource Files\Assets</Filter>
    </None>
  </ItemGroup>
  <ItemGroup>
    <FxCompile Include="VertexShader.hlsl">
      <Filter>Resource Files\Shaders</Filter>
    </FxCompile>
    <FxCompile Include="PixelShader.hlsl">
      <Filter>Resource Files\Shaders</Filter>
    </FxCompile>
  </ItemGroup>
</Project>